
Microsoft Visual Studio Solution File, Format Version 12.00
# Visual Studio Version 16
VisualStudioVersion = 16.0.29509.3
MinimumVisualStudioVersion = 10.0.40219.1
Project("{FAE04EC0-301F-11D3-BF4B-00C04F79EFBC}") = "Personal-deposit-calculator", "Personal-deposit-calculator\Personal-deposit-calculator.csproj", "{63918AEF-9C11-4690-85AD-6B70DAE31E93}"
EndProject
Global
	GlobalSection(SolutionConfigurationPlatforms) = preSolution
		Debug|Any CPU = Debug|Any CPU
		Release|Any CPU = Release|Any CPU
	EndGlobalSection
	GlobalSection(ProjectConfigurationPlatforms) = postSolution
		{63918AEF-9C11-4690-85AD-6B70DAE31E93}.Debug|Any CPU.ActiveCfg = Debug|Any CPU
		{63918AEF-9C11-4690-85AD-6B70DAE31E93}.Debug|Any CPU.Build.0 = Debug|Any CPU
		{63918AEF-9C11-4690-85AD-6B70DAE31E93}.Release|Any CPU.ActiveCfg = Release|Any CPU
		{63918AEF-9C11-4690-85AD-6B70DAE31E93}.Release|Any CPU.Build.0 = Release|Any CPU
	EndGlobalSection
	GlobalSection(SolutionProperties) = preSolution
		HideSolutionNode = FALSE
	EndGlobalSection
	GlobalSection(ExtensibilityGlobals) = postSolution
		SolutionGuid = {72CC3CEA-FFBB-4427-9665-1AA63C5298EE}
	EndGlobalSection
EndGlobal
